
Microsoft Visual Studio Solution File, Format Version 11.00
# Visual Studio 2010
Project("{8BC9CEB8-8B4A-11D0-8D11-00A0C91BC942}") = "GoogleSTT_API", "GoogleSTT_API\GoogleSTT_API.vcxproj", "{DD24D9BA-4729-4118-8E54-708C3B13FC9B}"
EndProject
Global
	GlobalSection(SolutionConfigurationPlatforms) = preSolution
		Debug|Win32 = Debug|Win32
		Release|Win32 = Release|Win32
	EndGlobalSection
	GlobalSection(ProjectConfigurationPlatforms) = postSolution
		{DD24D9BA-4729-4118-8E54-708C3B13FC9B}.Debug|Win32.ActiveCfg = Debug|Win32
		{DD24D9BA-4729-4118-8E54-708C3B13FC9B}.Debug|Win32.Build.0 = Debug|Win32
		{DD24D9BA-4729-4118-8E54-708C3B13FC9B}.Release|Win32.ActiveCfg = Release|Win32
		{DD24D9BA-4729-4118-8E54-708C3B13FC9B}.Release|Win32.Build.0 = Release|Win32
	EndGlobalSection
	GlobalSection(SolutionProperties) = preSolution
		HideSolutionNode = FALSE
	EndGlobalSection
EndGlobal
